# THIS IS AN AUTOGENERATED FILE. DO NOT EDIT THIS FILE DIRECTLY.
# yarn lockfile v1


commander@~2.13.0:
  version "2.13.0"
  resolved "http://registry.npm.taobao.org/commander/download/commander-2.13.0.tgz#6964bca67685df7c1f1430c584f07d7597885b9c"

rollup@^0.56.3:
  version "0.56.3"
  resolved "http://registry.npm.taobao.org/rollup/download/rollup-0.56.3.tgz#7900695531afa1badd3235f285cc4aa0d49ce254"

source-map@~0.6.1:
  version "0.6.1"
  resolved "http://registry.npm.taobao.org/source-map/download/source-map-0.6.1.tgz#74722af32e9614e9c287a8d0bbde48b5e2f1a263"

uglify-es@^3.3.9:
  version "3.3.9"
  resolved "http://registry.npm.taobao.org/uglify-es/download/uglify-es-3.3.9.tgz#0c1c4f0700bed8dbc124cdb304d2592ca203e677"
  dependencies:
    commander "~2.13.0"
    source-map "~0.6.1"
