# THIS IS AN AUTOGENERATED FILE. DO NOT EDIT THIS FILE DIRECTLY.
# yarn lockfile v1


"@types/estree@0.0.38":
  version "0.0.38"
  resolved "http://registry.npm.taobao.org/@types/estree/download/@types/estree-0.0.38.tgz#c1be40aa933723c608820a99a373a16d215a1ca2"

"@types/node@*":
  version "9.6.6"
  resolved "http://registry.npm.taobao.org/@types/node/download/@types/node-9.6.6.tgz#439b91f9caf3983cad2eef1e11f6bedcbf9431d2"

commander@~2.13.0:
  version "2.13.0"
  resolved "http://registry.npm.taobao.org/commander/download/commander-2.13.0.tgz#6964bca67685df7c1f1430c584f07d7597885b9c"

rollup@^0.58.1:
  version "0.58.1"
  resolved "http://registry.npm.taobao.org/rollup/download/rollup-0.58.1.tgz#5e2e05ceb103f770868b12c4048c22d3903fa2dd"
  dependencies:
    "@types/estree" "0.0.38"
    "@types/node" "*"

source-map@~0.6.1:
  version "0.6.1"
  resolved "http://registry.npm.taobao.org/source-map/download/source-map-0.6.1.tgz#74722af32e9614e9c287a8d0bbde48b5e2f1a263"

uglify-es@^3.3.9:
  version "3.3.9"
  resolved "http://registry.npm.taobao.org/uglify-es/download/uglify-es-3.3.9.tgz#0c1c4f0700bed8dbc124cdb304d2592ca203e677"
  dependencies:
    commander "~2.13.0"
    source-map "~0.6.1"
